github.com/VictoriaMetrics/metrics v1.43.2 h1:+8pIQEGwchKS5CYFyvv3LKvNXGi7baZ9hmIV4RHqibY=
github.com/VictoriaMetrics/metrics v1.43.2/go.mod h1:xDM82ULLYCYdFRgQ2JBxi8Uf1+8En1So9YUwlGTOqTc=
github.com/cristalhq/jwt/v5 v5.4.0 h1:Wxi1TocFHaijyV608j7v7B9mPc4ZNjvWT3LKBO0d4QI=
github.com/cristalhq/jwt/v5 v5.4.0/go.mod h1:+b/BzaCWEpFDmXxspJ5h4SdJ1N/45KMjKOetWzmHvDA=
github.com/go-chi/chi/v5 v5.2.5 h1:Eg4myHZBjyvJmAFjFvWgrqDTXFyOzjj7YIm3L3mu6Ug=
github.com/go-chi/chi/v5 v5.2.5/go.mod h1:X7Gx4mteadT3eDOMTsXzmI4/rwUpOwBHLpAfupzFJP0=
github.com/go-chi/cors v1.2.2 h1:Jmey33TE+b+rB7fT8MUy1u0I4L+NARQlK6LhzKPSyQE=
github.com/go-chi/cors v1.2.2/go.mod h1:sSbTewc+6wYHBBCW7ytsFSn836hqM7JxpglAy2Vzc58=
github.com/heartwilltell/hc v0.2.2 h1:wWc8rD9+9jZI18SbLXpeccqqJiv2QMUqNag3h/bwIyY=
github.com/heartwilltell/hc v0.2.2/go.mod h1:qDNCOYNS0LJ0kCHGP2Ncwf7HNQLiZhvg6tkVhqp4ylM=
github.com/heartwilltell/scotty v0.4.0 h1:8UGAMlj4fvp62qzKSH5P4JKsw+nsrYYTHI5kle6Er0Q=
github.com/heartwilltell/scotty v0.4.0/go.mod h1:e74oPhSCVvnq7SzmmCn1zcPAXNdo0YbyTmD5/08sHp0=
github.com/lmittmann/tint v1.1.3 h1:Hv4EaHWXQr+GTFnOU4VKf8UvAtZgn0VuKT+G0wFlO3I=
github.com/lmittmann/tint v1.1.3/go.mod h1:HIS3gSy7qNwGCj+5oRjAutErFBl4BzdQP6cJZ0NfMwE=
github.com/marsolab/servekit v0.4.4 h1:b/wJyKp4jBBCQKk2Qb3t5uuolqfwAo65bj/f7QSKa9c=
github.com/marsolab/servekit v0.4.4/go.mod h1:Ca1BqiThZu5jwVfzUxTNTzUa3hOYPbPDRG706uvFtKg=
github.com/maxatome/go-testdeep v1.15.0 h1:o3ghyKh6Hmy5EnyfQh+8lbH++4gpknmgc8jo7h/AVp8=
github.com/maxatome/go-testdeep v1.15.0/go.mod h1:BEC221DXFjTrG2VLzAYYi3xz8aK1QYa391djuaR2jkA=
github.com/oklog/ulid/v2 v2.1.1 h1:suPZ4ARWLOJLegGFiZZ1dFAkqzhMjL3J1TzI+5wHz8s=
github.com/oklog/ulid/v2 v2.1.1/go.mod h1:rcEKHmBBKfef9DhnvX7y1HZBYxjXb0cP5ExxNsTT1QQ=
github.com/pborman/getopt v0.0.0-20170112200414-7148bc3a4c30/go.mod h1:85jBQOZwpVEaDAr341tbn15RS4fCAsIst0qp7i8ex1o=
github.com/proydov/sprints/back v0.0.0-20260503173530-11bdc89aa6a9 h1:+AiQQEA+P7B1m4i6k9Li9WoJsvnto4kRJsi2rWmzZrk=
github.com/proydov/sprints/back v0.0.0-20260503173530-11bdc89aa6a9/go.mod h1:5RDnZ0xE27n+ERC/y1sdN+IccV4r+xsLkUvRUERVRu8=
github.com/rs/xid v1.6.0 h1:fV591PaemRlL6JfRxGDEPl69wICngIQ3shQtzfy2gxU=
github.com/rs/xid v1.6.0/go.mod h1:7XoLgs4eV+QndskICGsho+ADou8ySMSjJKDIan90Nz0=
github.com/valyala/fastrand v1.1.0 h1:f+5HkLW4rsgzdNoleUOB69hyT9IlD2ZQh9GyDMfb5G8=
github.com/valyala/fastrand v1.1.0/go.mod h1:HWqCzkrkg6QXT8V2EXWvXCoow7vLwOFN002oeRzjapQ=
github.com/valyala/histogram v1.2.0 h1:wyYGAZZt3CpwUiIb9AU/Zbllg1llXyrtApRS815OLoQ=
github.com/valyala/histogram v1.2.0/go.mod h1:Hb4kBwb4UxsaNbbbh+RRz8ZR6pdodR57tzWUS3BUzXY=
golang.org/x/oauth2 v0.36.0 h1:peZ/1z27fi9hUOFCAZaHyrpWG5lwe0RJEEEeH0ThlIs=
golang.org/x/oauth2 v0.36.0/go.mod h1:YDBUJMTkDnJS+A4BP4eZBjCqtokkg1hODuPjwiGPO7Q=
golang.org/x/sync v0.20.0 h1:e0PTpb7pjO8GAtTs2dQ6jYa5BWYlMuX047Dco/pItO4=
golang.org/x/sync v0.20.0/go.mod h1:9xrNwdLfx4jkKbNva9FpL6vEN7evnE43NNNJQ2LF3+0=
golang.org/x/sys v0.43.0 h1:Rlag2XtaFTxp19wS8MXlJwTvoh8ArU6ezoyFsMyCTNI=
golang.org/x/sys v0.43.0/go.mod h1:4GL1E5IUh+htKOUEOaiffhrAeqysfVGipDYzABqnCmw=
